// !$*UTF8*$!
{
	archiveVersion = 1;
	classes = {
	};
	objectVersion = 50;
	objects = {

/* Begin PBXBuildFile section */
		2D0B9C2B266DE42E000600AA /* AppDelegate.swift in Sources */ = {isa = PBXBuildFile; fileRef = 2D0B9C2A266DE42E000600AA /* AppDelegate.swift */; };
		2D0B9C2D266DE42E000600AA /* SceneDelegate.swift in Sources */ = {isa = PBXBuildFile; fileRef = 2D0B9C2C266DE42E000600AA /* SceneDelegate.swift */; };
		2D0B9C32266DE42E000600AA /* Main.storyboard in Resources */ = {isa = PBXBuildFile; fileRef = 2D0B9C30266DE42E000600AA /* Main.storyboard */; };
		2D0B9C35266DE42E000600AA /* DateAndTimePractise.xcdatamodeld in Sources */ = {isa = PBXBuildFile; fileRef = 2D0B9C33266DE42E000600AA /* DateAndTimePractise.xcdatamodeld */; };
		2D0B9C37266DE430000600AA /* Assets.xcassets in Resources */ = {isa = PBXBuildFile; fileRef = 2D0B9C36266DE430000600AA /* Assets.xcassets */; };
		2D0B9C3A266DE430000600AA /* LaunchScreen.storyboard in Resources */ = {isa = PBXBuildFile; fileRef = 2D0B9C38266DE430000600AA /* LaunchScreen.storyboard */; };
		2D0B9C45266DE430000600AA /* DateAndTimePractiseTests.swift in Sources */ = {isa = PBXBuildFile; fileRef = 2D0B9C44266DE430000600AA /* DateAndTimePractiseTests.swift */; };
		2D0B9C50266DE430000600AA /* DateAndTimePractiseUITests.swift in Sources */ = {isa = PBXBuildFile; fileRef = 2D0B9C4F266DE430000600AA /* DateAndTimePractiseUITests.swift */; };
		2D0B9C5E266DE447000600AA /* MainVc.swift in Sources */ = {isa = PBXBuildFile; fileRef = 2D0B9C5D266DE447000600AA /* MainVc.swift */; };
/* End PBXBuildFile section */

/* Begin PBXContainerItemProxy section */
		2D0B9C41266DE430000600AA /* PBXContainerItemProxy */ = {
			isa = PBXContainerItemProxy;
			containerPortal = 2D0B9C1F266DE42E000600AA /* Project object */;
			proxyType = 1;
			remoteGlobalIDString = 2D0B9C26266DE42E000600AA;
			remoteInfo = DateAndTimePractise;
		};
		2D0B9C4C266DE430000600AA /* PBXContainerItemProxy */ = {
			isa = PBXContainerItemProxy;
			containerPortal = 2D0B9C1F266DE42E000600AA /* Project object */;
			proxyType = 1;
			remoteGlobalIDString = 2D0B9C26266DE42E000600AA;
			remoteInfo = DateAndTimePractise;
		};
/* End PBXContainerItemProxy section */

/* Begin PBXFileReference section */
		2D0B9C27266DE42E000600AA /* DateAndTimePractise.app */ = {isa = PBXFileReference; explicitFileType = wrapper.application; includeInIndex = 0; path = DateAndTimePractise.app; sourceTree = BUILT_PRODUCTS_DIR; };
		2D0B9C2A266DE42E000600AA /* AppDelegate.swift */ = {isa = PBXFileReference; lastKnownFileType = sourcecode.swift; path = AppDelegate.swift; sourceTree = "<group>"; };
		2D0B9C2C266DE42E000600AA /* SceneDelegate.swift */ = {isa = PBXFileReference; lastKnownFileType = sourcecode.swift; path = SceneDelegate.swift; sourceTree = "<group>"; };
		2D0B9C31266DE42E000600AA /* Base */ = {isa = PBXFileReference; lastKnownFileType = file.storyboard; name = Base; path = Base.lproj/Main.storyboard; sourceTree = "<group>"; };
		2D0B9C34266DE42E000600AA /* DateAndTimePractise.xcdatamodel */ = {isa = PBXFileReference; lastKnownFileType = wrapper.xcdatamodel; path = DateAndTimePractise.xcdatamodel; sourceTree = "<group>"; };
		2D0B9C36266DE430000600AA /* Assets.xcassets */ = {isa = PBXFileReference; lastKnownFileType = folder.assetcatalog; path = Assets.xcassets; sourceTree = "<group>"; };
		2D0B9C39266DE430000600AA /* Base */ = {isa = PBXFileReference; lastKnownFileType = file.storyboard; name = Base; path = Base.lproj/LaunchScreen.storyboard; sourceTree = "<group>"; };
		2D0B9C3B266DE430000600AA /* Info.plist */ = {isa = PBXFileReference; lastKnownFileType = text.plist.xml; path = Info.plist; sourceTree = "<group>"; };
		2D0B9C40266DE430000600AA /* DateAndTimePractiseTests.xctest */ = {isa = PBXFileReference; explicitFileType = wrapper.cfbundle; includeInIndex = 0; path = DateAndTimePractiseTests.xctest; sourceTree = BUILT_PRODUCTS_DIR; };
		2D0B9C44266DE430000600AA /* DateAndTimePractiseTests.swift */ = {isa = PBXFileReference; lastKnownFileType = sourcecode.swift; path = DateAndTimePractiseTests.swift; sourceTree = "<group>"; };
		2D0B9C46266DE430000600AA /* Info.plist */ = {isa = PBXFileReference; lastKnownFileType = text.plist.xml; path = Info.plist; sourceTree = "<group>"; };
		2D0B9C4B266DE430000600AA /* DateAndTimePractiseUITests.xctest */ = {isa = PBXFileReference; explicitFileType = wrapper.cfbundle; includeInIndex = 0; path = DateAndTimePractiseUITests.xctest; sourceTree = BUILT_PRODUCTS_DIR; };
		2D0B9C4F266DE430000600AA /* DateAndTimePractiseUITests.swift */ = {isa = PBXFileReference; lastKnownFileType = sourcecode.swift; path = DateAndTimePractiseUITests.swift; sourceTree = "<group>"; };
		2D0B9C51266DE430000600AA /* Info.plist */ = {isa = PBXFileReference; lastKnownFileType = text.plist.xml; path = Info.plist; sourceTree = "<group>"; };
		2D0B9C5D266DE447000600AA /* MainVc.swift */ = {isa = PBXFileReference; lastKnownFileType = sourcecode.swift; path = MainVc.swift; sourceTree = "<group>"; };
/* End PBXFileReference section */

/* Begin PBXFrameworksBuildPhase section */
		2D0B9C24266DE42E000600AA /* Frameworks */ = {
			isa = PBXFrameworksBuildPhase;
			buildActionMask = 2147483647;
			files = (
			);
			runOnlyForDeploymentPostprocessing = 0;
		};
		2D0B9C3D266DE430000600AA /* Frameworks */ = {
			isa = PBXFrameworksBuildPhase;
			buildActionMask = 2147483647;
			files = (
			);
			runOnlyForDeploymentPostprocessing = 0;
		};
		2D0B9C48266DE430000600AA /* Frameworks */ = {
			isa = PBXFrameworksBuildPhase;
			buildActionMask = 2147483647;
			files = (
			);
			runOnlyForDeploymentPostprocessing = 0;
		};
/* End PBXFrameworksBuildPhase section */

/* Begin PBXGroup section */
		2D0B9C1E266DE42E000600AA = {
			isa = PBXGroup;
			children = (
				2D0B9C29266DE42E000600AA /* DateAndTimePractise */,
				2D0B9C43266DE430000600AA /* DateAndTimePractiseTests */,
				2D0B9C4E266DE430000600AA /* DateAndTimePractiseUITests */,
				2D0B9C28266DE42E000600AA /* Products */,
			);
			sourceTree = "<group>";
		};
		2D0B9C28266DE42E000600AA /* Products */ = {
			isa = PBXGroup;
			children = (
				2D0B9C27266DE42E000600AA /* DateAndTimePractise.app */,
				2D0B9C40266DE430000600AA /* DateAndTimePractiseTests.xctest */,
				2D0B9C4B266DE430000600AA /* DateAndTimePractiseUITests.xctest */,
			);
			name = Products;
			sourceTree = "<group>";
		};
		2D0B9C29266DE42E000600AA /* DateAndTimePractise */ = {
			isa = PBXGroup;
			children = (
				2D0B9C2A266DE42E000600AA /* AppDelegate.swift */,
				2D0B9C2C266DE42E000600AA /* SceneDelegate.swift */,
				2D0B9C30266DE42E000600AA /* Main.storyboard */,
				2D0B9C36266DE430000600AA /* Assets.xcassets */,
				2D0B9C38266DE430000600AA /* LaunchScreen.storyboard */,
				2D0B9C3B266DE430000600AA /* Info.plist */,
				2D0B9C33266DE42E000600AA /* DateAndTimePractise.xcdatamodeld */,
				2D0B9C5D266DE447000600AA /* MainVc.swift */,
			);
			path = DateAndTimePractise;
			sourceTree = "<group>";
		};
		2D0B9C43266DE430000600AA /* DateAndTimePractiseTests */ = {
			isa = PBXGroup;
			children = (
				2D0B9C44266DE430000600AA /* DateAndTimePractiseTests.swift */,
				2D0B9C46266DE430000600AA /* Info.plist */,
			);
			path = DateAndTimePractiseTests;
			sourceTree = "<group>";
		};
		2D0B9C4E266DE430000600AA /* DateAndTimePractiseUITests */ = {
			isa = PBXGroup;
			children = (
				2D0B9C4F266DE430000600AA /* DateAndTimePractiseUITests.swift */,
				2D0B9C51266DE430000600AA /* Info.plist */,
			);
			path = DateAndTimePractiseUITests;
			sourceTree = "<group>";
		};
/* End PBXGroup section */

/* Begin PBXNativeTarget section */
		2D0B9C26266DE42E000600AA /* DateAndTimePractise */ = {
			isa = PBXNativeTarget;
			buildConfigurationList = 2D0B9C54266DE430000600AA /* Build configuration list for PBXNativeTarget "DateAndTimePractise" */;
			buildPhases = (
				2D0B9C23266DE42E000600AA /* Sources */,
				2D0B9C24266DE42E000600AA /* Frameworks */,
				2D0B9C25266DE42E000600AA /* Resources */,
			);
			buildRules = (
			);
			dependencies = (
			);
			name = DateAndTimePractise;
			productName = DateAndTimePractise;
			productReference = 2D0B9C27266DE42E000600AA /* DateAndTimePractise.app */;
			productType = "com.apple.product-type.application";
		};
		2D0B9C3F266DE430000600AA /* DateAndTimePractiseTests */ = {
			isa = PBXNativeTarget;
			buildConfigurationList = 2D0B9C57266DE430000600AA /* Build configuration list for PBXNativeTarget "DateAndTimePractiseTests" */;
			buildPhases = (
				2D0B9C3C266DE430000600AA /* Sources */,
				2D0B9C3D266DE430000600AA /* Frameworks */,
				2D0B9C3E266DE430000600AA /* Resources */,
			);
			buildRules = (
			);
			dependencies = (
				2D0B9C42266DE430000600AA /* PBXTargetDependency */,
			);
			name = DateAndTimePractiseTests;
			productName = DateAndTimePractiseTests;
			productReference = 2D0B9C40266DE430000600AA /* DateAndTimePractiseTests.xctest */;
			productType = "com.apple.product-type.bundle.unit-test";
		};
		2D0B9C4A266DE430000600AA /* DateAndTimePractiseUITests */ = {
			isa = PBXNativeTarget;
			buildConfigurationList = 2D0B9C5A266DE430000600AA /* Build configuration list for PBXNativeTarget "DateAndTimePractiseUITests" */;
			buildPhases = (
				2D0B9C47266DE430000600AA /* Sources */,
				2D0B9C48266DE430000600AA /* Frameworks */,
				2D0B9C49266DE430000600AA /* Resources */,
			);
			buildRules = (
			);
			dependencies = (
				2D0B9C4D266DE430000600AA /* PBXTargetDependency */,
			);
			name = DateAndTimePractiseUITests;
			productName = DateAndTimePractiseUITests;
			productReference = 2D0B9C4B266DE430000600AA /* DateAndTimePractiseUITests.xctest */;
			productType = "com.apple.product-type.bundle.ui-testing";
		};
/* End PBXNativeTarget section */

/* Begin PBXProject section */
		2D0B9C1F266DE42E000600AA /* Project object */ = {
			isa = PBXProject;
			attributes = {
				LastSwiftUpdateCheck = 1250;
				LastUpgradeCheck = 1250;
				TargetAttributes = {
					2D0B9C26266DE42E000600AA = {
						CreatedOnToolsVersion = 12.5;
					};
					2D0B9C3F266DE430000600AA = {
						CreatedOnToolsVersion = 12.5;
						TestTargetID = 2D0B9C26266DE42E000600AA;
					};
					2D0B9C4A266DE430000600AA = {
						CreatedOnToolsVersion = 12.5;
						TestTargetID = 2D0B9C26266DE42E000600AA;
					};
				};
			};
			buildConfigurationList = 2D0B9C22266DE42E000600AA /* Build configuration list for PBXProject "DateAndTimePractise" */;
			compatibilityVersion = "Xcode 9.3";
			developmentRegion = en;
			hasScannedForEncodings = 0;
			knownRegions = (
				en,
				Base,
			);
			mainGroup = 2D0B9C1E266DE42E000600AA;
			productRefGroup = 2D0B9C28266DE42E000600AA /* Products */;
			projectDirPath = "";
			projectRoot = "";
			targets = (
				2D0B9C26266DE42E000600AA /* DateAndTimePractise */,
				2D0B9C3F266DE430000600AA /* DateAndTimePractiseTests */,
				2D0B9C4A266DE430000600AA /* DateAndTimePractiseUITests */,
			);
		};
/* End PBXProject section */

/* Begin PBXResourcesBuildPhase section */
		2D0B9C25266DE42E000600AA /* Resources */ = {
			isa = PBXResourcesBuildPhase;
			buildActionMask = 2147483647;
			files = (
				2D0B9C3A266DE430000600AA /* LaunchScreen.storyboard in Resources */,
				2D0B9C37266DE430000600AA /* Assets.xcassets in Resources */,
				2D0B9C32266DE42E000600AA /* Main.storyboard in Resources */,
			);
			runOnlyForDeploymentPostprocessing = 0;
		};
		2D0B9C3E266DE430000600AA /* Resources */ = {
			isa = PBXResourcesBuildPhase;
			buildActionMask = 2147483647;
			files = (
			);
			runOnlyForDeploymentPostprocessing = 0;
		};
		2D0B9C49266DE430000600AA /* Resources */ = {
			isa = PBXResourcesBuildPhase;
			buildActionMask = 2147483647;
			files = (
			);
			runOnlyForDeploymentPostprocessing = 0;
		};
/* End PBXResourcesBuildPhase section */

/* Begin PBXSourcesBuildPhase section */
		2D0B9C23266DE42E000600AA /* Sources */ = {
			isa = PBXSourcesBuildPhase;
			buildActionMask = 2147483647;
			files = (
				2D0B9C2B266DE42E000600AA /* AppDelegate.swift in Sources */,
				2D0B9C5E266DE447000600AA /* MainVc.swift in Sources */,
				2D0B9C35266DE42E000600AA /* DateAndTimePractise.xcdatamodeld in Sources */,
				2D0B9C2D266DE42E000600AA /* SceneDelegate.swift in Sources */,
			);
			runOnlyForDeploymentPostprocessing = 0;
		};
		2D0B9C3C266DE430000600AA /* Sources */ = {
			isa = PBXSourcesBuildPhase;
			buildActionMask = 2147483647;
			files = (
				2D0B9C45266DE430000600AA /* DateAndTimePractiseTests.swift in Sources */,
			);
			runOnlyForDeploymentPostprocessing = 0;
		};
		2D0B9C47266DE430000600AA /* Sources */ = {
			isa = PBXSourcesBuildPhase;
			buildActionMask = 2147483647;
			files = (
				2D0B9C50266DE430000600AA /* DateAndTimePractiseUITests.swift in Sources */,
			);
			runOnlyForDeploymentPostprocessing = 0;
		};
/* End PBXSourcesBuildPhase section */

/* Begin PBXTargetDependency section */
		2D0B9C42266DE430000600AA /* PBXTargetDependency */ = {
			isa = PBXTargetDependency;
			target = 2D0B9C26266DE42E000600AA /* DateAndTimePractise */;
			targetProxy = 2D0B9C41266DE430000600AA /* PBXContainerItemProxy */;
		};
		2D0B9C4D266DE430000600AA /* PBXTargetDependency */ = {
			isa = PBXTargetDependency;
			target = 2D0B9C26266DE42E000600AA /* DateAndTimePractise */;
			targetProxy = 2D0B9C4C266DE430000600AA /* PBXContainerItemProxy */;
		};
/* End PBXTargetDependency section */

/* Begin PBXVariantGroup section */
		2D0B9C30266DE42E000600AA /* Main.storyboard */ = {
			isa = PBXVariantGroup;
			children = (
				2D0B9C31266DE42E000600AA /* Base */,
			);
			name = Main.storyboard;
			sourceTree = "<group>";
		};
		2D0B9C38266DE430000600AA /* LaunchScreen.storyboard */ = {
			isa = PBXVariantGroup;
			children = (
				2D0B9C39266DE430000600AA /* Base */,
			);
			name = LaunchScreen.storyboard;
			sourceTree = "<group>";
		};
/* End PBXVariantGroup section */

/* Begin XCBuildConfiguration section */
		2D0B9C52266DE430000600AA /* Debug */ = {
			isa = XCBuildConfiguration;
			buildSettings = {
				ALWAYS_SEARCH_USER_PATHS = NO;
				CLANG_ANALYZER_NONNULL = YES;
				CLANG_ANALYZER_NUMBER_OBJECT_CONVERSION = YES_AGGRESSIVE;
				CLANG_CXX_LANGUAGE_STANDARD = "gnu++14";
				CLANG_CXX_LIBRARY = "libc++";
				CLANG_ENABLE_MODULES = YES;
				CLANG_ENABLE_OBJC_ARC = YES;
				CLANG_ENABLE_OBJC_WEAK = YES;
				CLANG_WARN_BLOCK_CAPTURE_AUTORELEASING = YES;
				CLANG_WARN_BOOL_CONVERSION = YES;
				CLANG_WARN_COMMA = YES;
				CLANG_WARN_CONSTANT_CONVERSION = YES;
				CLANG_WARN_DEPRECATED_OBJC_IMPLEMENTATIONS = YES;
				CLANG_WARN_DIRECT_OBJC_ISA_USAGE = YES_ERROR;
				CLANG_WARN_DOCUMENTATION_COMMENTS = YES;
				CLANG_WARN_EMPTY_BODY = YES;
				CLANG_WARN_ENUM_CONVERSION = YES;
				CLANG_WARN_INFINITE_RECURSION = YES;
				CLANG_WARN_INT_CONVERSION = YES;
				CLANG_WARN_NON_LITERAL_NULL_CONVERSION = YES;
				CLANG_WARN_OBJC_IMPLICIT_RETAIN_SELF = YES;
				CLANG_WARN_OBJC_LITERAL_CONVERSION = YES;
				CLANG_WARN_OBJC_ROOT_CLASS = YES_ERROR;
				CLANG_WARN_QUOTED_INCLUDE_IN_FRAMEWORK_HEADER = YES;
				CLANG_WARN_RANGE_LOOP_ANALYSIS = YES;
				CLANG_WARN_STRICT_PROTOTYPES = YES;
				CLANG_WARN_SUSPICIOUS_MOVE = YES;
				CLANG_WARN_UNGUARDED_AVAILABILITY = YES_AGGRESSIVE;
				CLANG_WARN_UNREACHABLE_CODE = YES;
				CLANG_WARN__DUPLICATE_METHOD_MATCH = YES;
				COPY_PHASE_STRIP = NO;
				DEBUG_INFORMATION_FORMAT = dwarf;
				ENABLE_STRICT_OBJC_MSGSEND = YES;
				ENABLE_TESTABILITY = YES;
				GCC_C_LANGUAGE_STANDARD = gnu11;
				GCC_DYNAMIC_NO_PIC = NO;
				GCC_NO_COMMON_BLOCKS = YES;
				GCC_OPTIMIZATION_LEVEL = 0;
				GCC_PREPROCESSOR_DEFINITIONS = (
					"DEBUG=1",
					"$(inherited)",
				);
				GCC_WARN_64_TO_32_BIT_CONVERSION = YES;
				GCC_WARN_ABOUT_RETURN_TYPE = YES_ERROR;
				GCC_WARN_UNDECLARED_SELECTOR = YES;
				GCC_WARN_UNINITIALIZED_AUTOS = YES_AGGRESSIVE;
				GCC_WARN_UNUSED_FUNCTION = YES;
				GCC_WARN_UNUSED_VARIABLE = YES;
				IPHONEOS_DEPLOYMENT_TARGET = 14.5;
				MTL_ENABLE_DEBUG_INFO = INCLUDE_SOURCE;
				MTL_FAST_MATH = YES;
				ONLY_ACTIVE_ARCH = YES;
				SDKROOT = iphoneos;
				SWIFT_ACTIVE_COMPILATION_CONDITIONS = DEBUG;
				SWIFT_OPTIMIZATION_LEVEL = "-Onone";
			};
			name = Debug;
		};
		2D0B9C53266DE430000600AA /* Release */ = {
			isa = XCBuildConfiguration;
			buildSettings = {
				ALWAYS_SEARCH_USER_PATHS = NO;
				CLANG_ANALYZER_NONNULL = YES;
				CLANG_ANALYZER_NUMBER_OBJECT_CONVERSION = YES_AGGRESSIVE;
				CLANG_CXX_LANGUAGE_STANDARD = "gnu++14";
				CLANG_CXX_LIBRARY = "libc++";
				CLANG_ENABLE_MODULES = YES;
				CLANG_ENABLE_OBJC_ARC = YES;
				CLANG_ENABLE_OBJC_WEAK = YES;
				CLANG_WARN_BLOCK_CAPTURE_AUTORELEASING = YES;
				CLANG_WARN_BOOL_CONVERSION = YES;
				CLANG_WARN_COMMA = YES;
				CLANG_WARN_CONSTANT_CONVERSION = YES;
				CLANG_WARN_DEPRECATED_OBJC_IMPLEMENTATIONS = YES;
				CLANG_WARN_DIRECT_OBJC_ISA_USAGE = YES_ERROR;
				CLANG_WARN_DOCUMENTATION_COMMENTS = YES;
				CLANG_WARN_EMPTY_BODY = YES;
				CLANG_WARN_ENUM_CONVERSION = YES;
				CLANG_WARN_INFINITE_RECURSION = YES;
				CLANG_WARN_INT_CONVERSION = YES;
				CLANG_WARN_NON_LITERAL_NULL_CONVERSION = YES;
				CLANG_WARN_OBJC_IMPLICIT_RETAIN_SELF = YES;
				CLANG_WARN_OBJC_LITERAL_CONVERSION = YES;
				CLANG_WARN_OBJC_ROOT_CLASS = YES_ERROR;
				CLANG_WARN_QUOTED_INCLUDE_IN_FRAMEWORK_HEADER = YES;
				CLANG_WARN_RANGE_LOOP_ANALYSIS = YES;
				CLANG_WARN_STRICT_PROTOTYPES = YES;
				CLANG_WARN_SUSPICIOUS_MOVE = YES;
				CLANG_WARN_UNGUARDED_AVAILABILITY = YES_AGGRESSIVE;
				CLANG_WARN_UNREACHABLE_CODE = YES;
				CLANG_WARN__DUPLICATE_METHOD_MATCH = YES;
				COPY_PHASE_STRIP = NO;
				DEBUG_INFORMATION_FORMAT = "dwarf-with-dsym";
				ENABLE_NS_ASSERTIONS = NO;
				ENABLE_STRICT_OBJC_MSGSEND = YES;
				GCC_C_LANGUAGE_STANDARD = gnu11;
				GCC_NO_COMMON_BLOCKS = YES;
				GCC_WARN_64_TO_32_BIT_CONVERSION = YES;
				GCC_WARN_ABOUT_RETURN_TYPE = YES_ERROR;
				GCC_WARN_UNDECLARED_SELECTOR = YES;
				GCC_WARN_UNINITIALIZED_AUTOS = YES_AGGRESSIVE;
				GCC_WARN_UNUSED_FUNCTION = YES;
				GCC_WARN_UNUSED_VARIABLE = YES;
				IPHONEOS_DEPLOYMENT_TARGET = 14.5;
				MTL_ENABLE_DEBUG_INFO = NO;
				MTL_FAST_MATH = YES;
				SDKROOT = iphoneos;
				SWIFT_COMPILATION_MODE = wholemodule;
				SWIFT_OPTIMIZATION_LEVEL = "-O";
				VALIDATE_PRODUCT = YES;
			};
			name = Release;
		};
		2D0B9C55266DE430000600AA /* Debug */ = {
			isa = XCBuildConfiguration;
			buildSettings = {
				ASSETCATALOG_COMPILER_APPICON_NAME = AppIcon;
				ASSETCATALOG_COMPILER_GLOBAL_ACCENT_COLOR_NAME = AccentColor;
				CODE_SIGN_STYLE = Automatic;
				INFOPLIST_FILE = DateAndTimePractise/Info.plist;
				LD_RUNPATH_SEARCH_PATHS = (
					"$(inherited)",
					"@executable_path/Frameworks",
				);
				PRODUCT_BUNDLE_IDENTIFIER = Surya.DateAndTimePractise;
				PRODUCT_NAME = "$(TARGET_NAME)";
				SWIFT_VERSION = 5.0;
				TARGETED_DEVICE_FAMILY = "1,2";
			};
			name = Debug;
		};
		2D0B9C56266DE430000600AA /* Release */ = {
			isa = XCBuildConfiguration;
			buildSettings = {
				ASSETCATALOG_COMPILER_APPICON_NAME = AppIcon;
				ASSETCATALOG_COMPILER_GLOBAL_ACCENT_COLOR_NAME = AccentColor;
				CODE_SIGN_STYLE = Automatic;
				INFOPLIST_FILE = DateAndTimePractise/Info.plist;
				LD_RUNPATH_SEARCH_PATHS = (
					"$(inherited)",
					"@executable_path/Frameworks",
				);
				PRODUCT_BUNDLE_IDENTIFIER = Surya.DateAndTimePractise;
				PRODUCT_NAME = "$(TARGET_NAME)";
				SWIFT_VERSION = 5.0;
				TARGETED_DEVICE_FAMILY = "1,2";
			};
			name = Release;
		};
		2D0B9C58266DE430000600AA /* Debug */ = {
			isa = XCBuildConfiguration;
			buildSettings = {
				ALWAYS_EMBED_SWIFT_STANDARD_LIBRARIES = YES;
				BUNDLE_LOADER = "$(TEST_HOST)";
				CODE_SIGN_STYLE = Automatic;
				INFOPLIST_FILE = DateAndTimePractiseTests/Info.plist;
				IPHONEOS_DEPLOYMENT_TARGET = 14.5;
				LD_RUNPATH_SEARCH_PATHS = (
					"$(inherited)",
					"@executable_path/Frameworks",
					"@loader_path/Frameworks",
				);
				PRODUCT_BUNDLE_IDENTIFIER = Surya.DateAndTimePractiseTests;
				PRODUCT_NAME = "$(TARGET_NAME)";
				SWIFT_VERSION = 5.0;
				TARGETED_DEVICE_FAMILY = "1,2";
				TEST_HOST = "$(BUILT_PRODUCTS_DIR)/DateAndTimePractise.app/DateAndTimePractise";
			};
			name = Debug;
		};
		2D0B9C59266DE430000600AA /* Release */ = {
			isa = XCBuildConfiguration;
			buildSettings = {
				ALWAYS_EMBED_SWIFT_STANDARD_LIBRARIES = YES;
				BUNDLE_LOADER = "$(TEST_HOST)";
				CODE_SIGN_STYLE = Automatic;
				INFOPLIST_FILE = DateAndTimePractiseTests/Info.plist;
				IPHONEOS_DEPLOYMENT_TARGET = 14.5;
				LD_RUNPATH_SEARCH_PATHS = (
					"$(inherited)",
					"@executable_path/Frameworks",
					"@loader_path/Frameworks",
				);
				PRODUCT_BUNDLE_IDENTIFIER = Surya.DateAndTimePractiseTests;
				PRODUCT_NAME = "$(TARGET_NAME)";
				SWIFT_VERSION = 5.0;
				TARGETED_DEVICE_FAMILY = "1,2";
				TEST_HOST = "$(BUILT_PRODUCTS_DIR)/DateAndTimePractise.app/DateAndTimePractise";
			};
			name = Release;
		};
		2D0B9C5B266DE430000600AA /* Debug */ = {
			isa = XCBuildConfiguration;
			buildSettings = {
				ALWAYS_EMBED_SWIFT_STANDARD_LIBRARIES = YES;
				CODE_SIGN_STYLE = Automatic;
				INFOPLIST_FILE = DateAndTimePractiseUITests/Info.plist;
				LD_RUNPATH_SEARCH_PATHS = (
					"$(inherited)",
					"@executable_path/Frameworks",
					"@loader_path/Frameworks",
				);
				PRODUCT_BUNDLE_IDENTIFIER = Surya.DateAndTimePractiseUITests;
				PRODUCT_NAME = "$(TARGET_NAME)";
				SWIFT_VERSION = 5.0;
				TARGETED_DEVICE_FAMILY = "1,2";
				TEST_TARGET_NAME = DateAndTimePractise;
			};
			name = Debug;
		};
		2D0B9C5C266DE430000600AA /* Release */ = {
			isa = XCBuildConfiguration;
			buildSettings = {
				ALWAYS_EMBED_SWIFT_STANDARD_LIBRARIES = YES;
				CODE_SIGN_STYLE = Automatic;
				INFOPLIST_FILE = DateAndTimePractiseUITests/Info.plist;
				LD_RUNPATH_SEARCH_PATHS = (
					"$(inherited)",
					"@executable_path/Frameworks",
					"@loader_path/Frameworks",
				);
				PRODUCT_BUNDLE_IDENTIFIER = Surya.DateAndTimePractiseUITests;
				PRODUCT_NAME = "$(TARGET_NAME)";
				SWIFT_VERSION = 5.0;
				TARGETED_DEVICE_FAMILY = "1,2";
				TEST_TARGET_NAME = DateAndTimePractise;
			};
			name = Release;
		};
/* End XCBuildConfiguration section */

/* Begin XCConfigurationList section */
		2D0B9C22266DE42E000600AA /* Build configuration list for PBXProject "DateAndTimePractise" */ = {
			isa = XCConfigurationList;
			buildConfigurations = (
				2D0B9C52266DE430000600AA /* Debug */,
				2D0B9C53266DE430000600AA /* Release */,
			);
			defaultConfigurationIsVisible = 0;
			defaultConfigurationName = Release;
		};
		2D0B9C54266DE430000600AA /* Build configuration list for PBXNativeTarget "DateAndTimePractise" */ = {
			isa = XCConfigurationList;
			buildConfigurations = (
				2D0B9C55266DE430000600AA /* Debug */,
				2D0B9C56266DE430000600AA /* Release */,
			);
			defaultConfigurationIsVisible = 0;
			defaultConfigurationName = Release;
		};
		2D0B9C57266DE430000600AA /* Build configuration list for PBXNativeTarget "DateAndTimePractiseTests" */ = {
			isa = XCConfigurationList;
			buildConfigurations = (
				2D0B9C58266DE430000600AA /* Debug */,
				2D0B9C59266DE430000600AA /* Release */,
			);
			defaultConfigurationIsVisible = 0;
			defaultConfigurationName = Release;
		};
		2D0B9C5A266DE430000600AA /* Build configuration list for PBXNativeTarget "DateAndTimePractiseUITests" */ = {
			isa = XCConfigurationList;
			buildConfigurations = (
				2D0B9C5B266DE430000600AA /* Debug */,
				2D0B9C5C266DE430000600AA /* Release */,
			);
			defaultConfigurationIsVisible = 0;
			defaultConfigurationName = Release;
		};
/* End XCConfigurationList section */

/* Begin XCVersionGroup section */
		2D0B9C33266DE42E000600AA /* DateAndTimePractise.xcdatamodeld */ = {
			isa = XCVersionGroup;
			children = (
				2D0B9C34266DE42E000600AA /* DateAndTimePractise.xcdatamodel */,
			);
			currentVersion = 2D0B9C34266DE42E000600AA /* DateAndTimePractise.xcdatamodel */;
			path = DateAndTimePractise.xcdatamodeld;
			sourceTree = "<group>";
			versionGroupType = wrapper.xcdatamodel;
		};
/* End XCVersionGroup section */
	};
	rootObject = 2D0B9C1F266DE42E000600AA /* Project object */;
}
